// !$*UTF8*$!
{
	archiveVersion = 1;
	classes = {
	};
	objectVersion = 46;
	objects = {

/* Begin PBXBuildFile section */
		87B29A6F1AFF3923008200FE /* TicTacToeBoard.cpp in Sources */ = {isa = PBXBuildFile; fileRef = 87B29A6D1AFF3923008200FE /* TicTacToeBoard.cpp */; };
		87D86BD51AFCCB2A00952731 /* main.cpp in Sources */ = {isa = PBXBuildFile; fileRef = 87D86BD41AFCCB2A00952731 /* main.cpp */; };
		87D86BE31AFCCD5F00952731 /* OthelloBoard.cpp in Sources */ = {isa = PBXBuildFile; fileRef = 87D86BE21AFCCD5F00952731 /* OthelloBoard.cpp */; };
		87D86BE51AFCCD7000952731 /* OthelloMove.cpp in Sources */ = {isa = PBXBuildFile; fileRef = 87D86BE41AFCCD7000952731 /* OthelloMove.cpp */; };
		87D86BE71AFCCD8500952731 /* OthelloView.cpp in Sources */ = {isa = PBXBuildFile; fileRef = 87D86BE61AFCCD8500952731 /* OthelloView.cpp */; };
		87F48A601AFF147500C99C0C /* TicTacToeMove.cpp in Sources */ = {isa = PBXBuildFile; fileRef = 87F48A5E1AFF147500C99C0C /* TicTacToeMove.cpp */; };
		87F48A631AFF148100C99C0C /* TicTacToeView.cpp in Sources */ = {isa = PBXBuildFile; fileRef = 87F48A611AFF148100C99C0C /* TicTacToeView.cpp */; };
/* End PBXBuildFile section */

/* Begin PBXCopyFilesBuildPhase section */
		87D86BCF1AFCCB2A00952731 /* CopyFiles */ = {
			isa = PBXCopyFilesBuildPhase;
			buildActionMask = 2147483647;
			dstPath = /usr/share/man/man1/;
			dstSubfolderSpec = 0;
			files = (
			);
			runOnlyForDeploymentPostprocessing = 1;
		};
/* End PBXCopyFilesBuildPhase section */

/* Begin PBXFileReference section */
		87B29A6D1AFF3923008200FE /* TicTacToeBoard.cpp */ = {isa = PBXFileReference; fileEncoding = 4; lastKnownFileType = sourcecode.cpp.cpp; path = TicTacToeBoard.cpp; sourceTree = "<group>"; };
		87B29A6E1AFF3923008200FE /* TicTacToeBoard.h */ = {isa = PBXFileReference; fileEncoding = 4; lastKnownFileType = sourcecode.c.h; path = TicTacToeBoard.h; sourceTree = "<group>"; };
		87D86BD11AFCCB2A00952731 /* Project3 */ = {isa = PBXFileReference; explicitFileType = "compiled.mach-o.executable"; includeInIndex = 0; path = Project3; sourceTree = BUILT_PRODUCTS_DIR; };
		87D86BD41AFCCB2A00952731 /* main.cpp */ = {isa = PBXFileReference; lastKnownFileType = sourcecode.cpp.cpp; path = main.cpp; sourceTree = "<group>"; };
		87D86BDB1AFCCB5B00952731 /* GameBoard.h */ = {isa = PBXFileReference; fileEncoding = 4; lastKnownFileType = sourcecode.c.h; path = GameBoard.h; sourceTree = "<group>"; };
		87D86BDC1AFCCB5B00952731 /* GameExceptions.h */ = {isa = PBXFileReference; fileEncoding = 4; lastKnownFileType = sourcecode.c.h; path = GameExceptions.h; sourceTree = "<group>"; };
		87D86BDD1AFCCB5B00952731 /* GameMove.h */ = {isa = PBXFileReference; fileEncoding = 4; lastKnownFileType = sourcecode.c.h; path = GameMove.h; sourceTree = "<group>"; };
		87D86BDE1AFCCB5B00952731 /* GameView.h */ = {isa = PBXFileReference; fileEncoding = 4; lastKnownFileType = sourcecode.c.h; path = GameView.h; sourceTree = "<group>"; };
		87D86BDF1AFCCB5B00952731 /* OthelloBoard.h */ = {isa = PBXFileReference; fileEncoding = 4; lastKnownFileType = sourcecode.c.h; path = OthelloBoard.h; sourceTree = "<group>"; };
		87D86BE01AFCCB5B00952731 /* OthelloMove.h */ = {isa = PBXFileReference; fileEncoding = 4; lastKnownFileType = sourcecode.c.h; path = OthelloMove.h; sourceTree = "<group>"; };
		87D86BE11AFCCB5B00952731 /* OthelloView.h */ = {isa = PBXFileReference; fileEncoding = 4; lastKnownFileType = sourcecode.c.h; path = OthelloView.h; sourceTree = "<group>"; };
		87D86BE21AFCCD5F00952731 /* OthelloBoard.cpp */ = {isa = PBXFileReference; fileEncoding = 4; lastKnownFileType = sourcecode.cpp.cpp; path = OthelloBoard.cpp; sourceTree = "<group>"; };
		87D86BE41AFCCD7000952731 /* OthelloMove.cpp */ = {isa = PBXFileReference; fileEncoding = 4; lastKnownFileType = sourcecode.cpp.cpp; path = OthelloMove.cpp; sourceTree = "<group>"; };
		87D86BE61AFCCD8500952731 /* OthelloView.cpp */ = {isa = PBXFileReference; fileEncoding = 4; lastKnownFileType = sourcecode.cpp.cpp; path = OthelloView.cpp; sourceTree = "<group>"; };
		87F48A5E1AFF147500C99C0C /* TicTacToeMove.cpp */ = {isa = PBXFileReference; fileEncoding = 4; lastKnownFileType = sourcecode.cpp.cpp; path = TicTacToeMove.cpp; sourceTree = "<group>"; };
		87F48A5F1AFF147500C99C0C /* TicTacToeMove.h */ = {isa = PBXFileReference; fileEncoding = 4; lastKnownFileType = sourcecode.c.h; path = TicTacToeMove.h; sourceTree = "<group>"; };
		87F48A611AFF148100C99C0C /* TicTacToeView.cpp */ = {isa = PBXFileReference; fileEncoding = 4; lastKnownFileType = sourcecode.cpp.cpp; path = TicTacToeView.cpp; sourceTree = "<group>"; };
		87F48A621AFF148100C99C0C /* TicTacToeView.h */ = {isa = PBXFileReference; fileEncoding = 4; lastKnownFileType = sourcecode.c.h; path = TicTacToeView.h; sourceTree = "<group>"; };
/* End PBXFileReference section */

/* Begin PBXFrameworksBuildPhase section */
		87D86BCE1AFCCB2A00952731 /* Frameworks */ = {
			isa = PBXFrameworksBuildPhase;
			buildActionMask = 2147483647;
			files = (
			);
			runOnlyForDeploymentPostprocessing = 0;
		};
/* End PBXFrameworksBuildPhase section */

/* Begin PBXGroup section */
		87D86BC81AFCCB2A00952731 = {
			isa = PBXGroup;
			children = (
				87D86BD31AFCCB2A00952731 /* Project3 */,
				87D86BD21AFCCB2A00952731 /* Products */,
			);
			sourceTree = "<group>";
		};
		87D86BD21AFCCB2A00952731 /* Products */ = {
			isa = PBXGroup;
			children = (
				87D86BD11AFCCB2A00952731 /* Project3 */,
			);
			name = Products;
			sourceTree = "<group>";
		};
		87D86BD31AFCCB2A00952731 /* Project3 */ = {
			isa = PBXGroup;
			children = (
				87D86BD41AFCCB2A00952731 /* main.cpp */,
				87F48A591AFF143E00C99C0C /* Game */,
				87F48A5A1AFF144F00C99C0C /* Othello */,
				87F48A641AFF148B00C99C0C /* TicTacToe */,
			);
			path = Project3;
			sourceTree = "<group>";
		};
		87F48A591AFF143E00C99C0C /* Game */ = {
			isa = PBXGroup;
			children = (
				87D86BDC1AFCCB5B00952731 /* GameExceptions.h */,
				87D86BDB1AFCCB5B00952731 /* GameBoard.h */,
				87D86BDD1AFCCB5B00952731 /* GameMove.h */,
				87D86BDE1AFCCB5B00952731 /* GameView.h */,
			);
			name = Game;
			sourceTree = "<group>";
		};
		87F48A5A1AFF144F00C99C0C /* Othello */ = {
			isa = PBXGroup;
			children = (
				87D86BDF1AFCCB5B00952731 /* OthelloBoard.h */,
				87D86BE21AFCCD5F00952731 /* OthelloBoard.cpp */,
				87D86BE01AFCCB5B00952731 /* OthelloMove.h */,
				87D86BE41AFCCD7000952731 /* OthelloMove.cpp */,
				87D86BE11AFCCB5B00952731 /* OthelloView.h */,
				87D86BE61AFCCD8500952731 /* OthelloView.cpp */,
			);
			name = Othello;
			sourceTree = "<group>";
		};
		87F48A641AFF148B00C99C0C /* TicTacToe */ = {
			isa = PBXGroup;
			children = (
				87B29A6E1AFF3923008200FE /* TicTacToeBoard.h */,
				87B29A6D1AFF3923008200FE /* TicTacToeBoard.cpp */,
				87F48A5F1AFF147500C99C0C /* TicTacToeMove.h */,
				87F48A5E1AFF147500C99C0C /* TicTacToeMove.cpp */,
				87F48A621AFF148100C99C0C /* TicTacToeView.h */,
				87F48A611AFF148100C99C0C /* TicTacToeView.cpp */,
			);
			name = TicTacToe;
			sourceTree = "<group>";
		};
/* End PBXGroup section */

/* Begin PBXNativeTarget section */
		87D86BD01AFCCB2A00952731 /* Project3 */ = {
			isa = PBXNativeTarget;
			buildConfigurationList = 87D86BD81AFCCB2A00952731 /* Build configuration list for PBXNativeTarget "Project3" */;
			buildPhases = (
				87D86BCD1AFCCB2A00952731 /* Sources */,
				87D86BCE1AFCCB2A00952731 /* Frameworks */,
				87D86BCF1AFCCB2A00952731 /* CopyFiles */,
			);
			buildRules = (
			);
			dependencies = (
			);
			name = Project3;
			productName = Project3;
			productReference = 87D86BD11AFCCB2A00952731 /* Project3 */;
			productType = "com.apple.product-type.tool";
		};
/* End PBXNativeTarget section */

/* Begin PBXProject section */
		87D86BC91AFCCB2A00952731 /* Project object */ = {
			isa = PBXProject;
			attributes = {
				LastUpgradeCheck = 0630;
				ORGANIZATIONNAME = "Matt Hopps";
				TargetAttributes = {
					87D86BD01AFCCB2A00952731 = {
						CreatedOnToolsVersion = 6.3.1;
					};
				};
			};
			buildConfigurationList = 87D86BCC1AFCCB2A00952731 /* Build configuration list for PBXProject "Project3" */;
			compatibilityVersion = "Xcode 3.2";
			developmentRegion = English;
			hasScannedForEncodings = 0;
			knownRegions = (
				en,
			);
			mainGroup = 87D86BC81AFCCB2A00952731;
			productRefGroup = 87D86BD21AFCCB2A00952731 /* Products */;
			projectDirPath = "";
			projectRoot = "";
			targets = (
				87D86BD01AFCCB2A00952731 /* Project3 */,
			);
		};
/* End PBXProject section */

/* Begin PBXSourcesBuildPhase section */
		87D86BCD1AFCCB2A00952731 /* Sources */ = {
			isa = PBXSourcesBuildPhase;
			buildActionMask = 2147483647;
			files = (
				87F48A631AFF148100C99C0C /* TicTacToeView.cpp in Sources */,
				87B29A6F1AFF3923008200FE /* TicTacToeBoard.cpp in Sources */,
				87D86BE31AFCCD5F00952731 /* OthelloBoard.cpp in Sources */,
				87F48A601AFF147500C99C0C /* TicTacToeMove.cpp in Sources */,
				87D86BD51AFCCB2A00952731 /* main.cpp in Sources */,
				87D86BE71AFCCD8500952731 /* OthelloView.cpp in Sources */,
				87D86BE51AFCCD7000952731 /* OthelloMove.cpp in Sources */,
			);
			runOnlyForDeploymentPostprocessing = 0;
		};
/* End PBXSourcesBuildPhase section */

/* Begin XCBuildConfiguration section */
		87D86BD61AFCCB2A00952731 /* Debug */ = {
			isa = XCBuildConfiguration;
			buildSettings = {
				ALWAYS_SEARCH_USER_PATHS = NO;
				CLANG_CXX_LANGUAGE_STANDARD = "gnu++0x";
				CLANG_CXX_LIBRARY = "libc++";
				CLANG_ENABLE_MODULES = YES;
				CLANG_ENABLE_OBJC_ARC = YES;
				CLANG_WARN_BOOL_CONVERSION = YES;
				CLANG_WARN_CONSTANT_CONVERSION = YES;
				CLANG_WARN_DIRECT_OBJC_ISA_USAGE = YES_ERROR;
				CLANG_WARN_EMPTY_BODY = YES;
				CLANG_WARN_ENUM_CONVERSION = YES;
				CLANG_WARN_INT_CONVERSION = YES;
				CLANG_WARN_OBJC_ROOT_CLASS = YES_ERROR;
				CLANG_WARN_UNREACHABLE_CODE = YES;
				CLANG_WARN__DUPLICATE_METHOD_MATCH = YES;
				COPY_PHASE_STRIP = NO;
				DEBUG_INFORMATION_FORMAT = dwarf;
				ENABLE_STRICT_OBJC_MSGSEND = YES;
				GCC_C_LANGUAGE_STANDARD = gnu99;
				GCC_DYNAMIC_NO_PIC = NO;
				GCC_NO_COMMON_BLOCKS = YES;
				GCC_OPTIMIZATION_LEVEL = 0;
				GCC_PREPROCESSOR_DEFINITIONS = (
					"DEBUG=1",
					"$(inherited)",
				);
				GCC_SYMBOLS_PRIVATE_EXTERN = NO;
				GCC_WARN_64_TO_32_BIT_CONVERSION = YES;
				GCC_WARN_ABOUT_RETURN_TYPE = YES_ERROR;
				GCC_WARN_UNDECLARED_SELECTOR = YES;
				GCC_WARN_UNINITIALIZED_AUTOS = YES_AGGRESSIVE;
				GCC_WARN_UNUSED_FUNCTION = YES;
				GCC_WARN_UNUSED_VARIABLE = YES;
				MACOSX_DEPLOYMENT_TARGET = 10.10;
				MTL_ENABLE_DEBUG_INFO = YES;
				ONLY_ACTIVE_ARCH = YES;
				SDKROOT = macosx;
			};
			name = Debug;
		};
		87D86BD71AFCCB2A00952731 /* Release */ = {
			isa = XCBuildConfiguration;
			buildSettings = {
				ALWAYS_SEARCH_USER_PATHS = NO;
				CLANG_CXX_LANGUAGE_STANDARD = "gnu++0x";
				CLANG_CXX_LIBRARY = "libc++";
				CLANG_ENABLE_MODULES = YES;
				CLANG_ENABLE_OBJC_ARC = YES;
				CLANG_WARN_BOOL_CONVERSION = YES;
				CLANG_WARN_CONSTANT_CONVERSION = YES;
				CLANG_WARN_DIRECT_OBJC_ISA_USAGE = YES_ERROR;
				CLANG_WARN_EMPTY_BODY = YES;
				CLANG_WARN_ENUM_CONVERSION = YES;
				CLANG_WARN_INT_CONVERSION = YES;
				CLANG_WARN_OBJC_ROOT_CLASS = YES_ERROR;
				CLANG_WARN_UNREACHABLE_CODE = YES;
				CLANG_WARN__DUPLICATE_METHOD_MATCH = YES;
				COPY_PHASE_STRIP = NO;
				DEBUG_INFORMATION_FORMAT = "dwarf-with-dsym";
				ENABLE_NS_ASSERTIONS = NO;
				ENABLE_STRICT_OBJC_MSGSEND = YES;
				GCC_C_LANGUAGE_STANDARD = gnu99;
				GCC_NO_COMMON_BLOCKS = YES;
				GCC_WARN_64_TO_32_BIT_CONVERSION = YES;
				GCC_WARN_ABOUT_RETURN_TYPE = YES_ERROR;
				GCC_WARN_UNDECLARED_SELECTOR = YES;
				GCC_WARN_UNINITIALIZED_AUTOS = YES_AGGRESSIVE;
				GCC_WARN_UNUSED_FUNCTION = YES;
				GCC_WARN_UNUSED_VARIABLE = YES;
				MACOSX_DEPLOYMENT_TARGET = 10.10;
				MTL_ENABLE_DEBUG_INFO = NO;
				SDKROOT = macosx;
			};
			name = Release;
		};
		87D86BD91AFCCB2A00952731 /* Debug */ = {
			isa = XCBuildConfiguration;
			buildSettings = {
				PRODUCT_NAME = "$(TARGET_NAME)";
			};
			name = Debug;
		};
		87D86BDA1AFCCB2A00952731 /* Release */ = {
			isa = XCBuildConfiguration;
			buildSettings = {
				PRODUCT_NAME = "$(TARGET_NAME)";
			};
			name = Release;
		};
/* End XCBuildConfiguration section */

/* Begin XCConfigurationList section */
		87D86BCC1AFCCB2A00952731 /* Build configuration list for PBXProject "Project3" */ = {
			isa = XCConfigurationList;
			buildConfigurations = (
				87D86BD61AFCCB2A00952731 /* Debug */,
				87D86BD71AFCCB2A00952731 /* Release */,
			);
			defaultConfigurationIsVisible = 0;
			defaultConfigurationName = Release;
		};
		87D86BD81AFCCB2A00952731 /* Build configuration list for PBXNativeTarget "Project3" */ = {
			isa = XCConfigurationList;
			buildConfigurations = (
				87D86BD91AFCCB2A00952731 /* Debug */,
				87D86BDA1AFCCB2A00952731 /* Release */,
			);
			defaultConfigurationIsVisible = 0;
			defaultConfigurationName = Release;
		};
/* End XCConfigurationList section */
	};
	rootObject = 87D86BC91AFCCB2A00952731 /* Project object */;
}
